{
  "name": "hugo-demos",
  "version": "1.0.0",
  "lockfileVersion": 1,
  "requires": true,
  "dependencies": {
    "bootstrap": {
      "version": "4.4.1",
      "resolved": "https://registry.npmjs.org/bootstrap/-/bootstrap-4.4.1.tgz",
      "integrity": "sha512-tbx5cHubwE6e2ZG7nqM3g/FZ5PQEDMWmMGNrCUBVRPHXTJaH7CBDdsLeu3eCh3B1tzAxTnAbtmrzvWEvT2NNEA=="
    },
    "tiny-slider": {
      "version": "2.9.2",
      "resolved": "https://registry.npmjs.org/tiny-slider/-/tiny-slider-2.9.2.tgz",
      "integrity": "sha512-2sgEJpVbpIbbgiYM/xGa0HMvvtUZSJvXeZJmLWBux6VgFqh/MQG8LXBR59ZLYpa/1OtwM0E6/ic55oLOJN9Mnw=="
    }
  }
}
